
Microsoft Visual Studio Solution File, Format Version 12.00
# Visual Studio Version 16
VisualStudioVersion = 16.0.29709.97
MinimumVisualStudioVersion = 10.0.40219.1
Project("{FAE04EC0-301F-11D3-BF4B-00C04F79EFBC}") = "PLinqDemoApp", "PLinqDemoApp\PLinqDemoApp.csproj", "{CE6809F9-A96A-4481-941A-D61AB04F0A11}"
EndProject
Global
	GlobalSection(SolutionConfigurationPlatforms) = preSolution
		Debug|Any CPU = Debug|Any CPU
		Release|Any CPU = Release|Any CPU
	EndGlobalSection
	GlobalSection(ProjectConfigurationPlatforms) = postSolution
		{CE6809F9-A96A-4481-941A-D61AB04F0A11}.Debug|Any CPU.ActiveCfg = Debug|Any CPU
		{CE6809F9-A96A-4481-941A-D61AB04F0A11}.Debug|Any CPU.Build.0 = Debug|Any CPU
		{CE6809F9-A96A-4481-941A-D61AB04F0A11}.Release|Any CPU.ActiveCfg = Release|Any CPU
		{CE6809F9-A96A-4481-941A-D61AB04F0A11}.Release|Any CPU.Build.0 = Release|Any CPU
	EndGlobalSection
	GlobalSection(SolutionProperties) = preSolution
		HideSolutionNode = FALSE
	EndGlobalSection
	GlobalSection(ExtensibilityGlobals) = postSolution
		SolutionGuid = {8CD91AF7-054A-4892-BCF7-BB7C4759AC62}
	EndGlobalSection
EndGlobal
