
Microsoft Visual Studio Solution File, Format Version 12.00
# Visual Studio Version 16
VisualStudioVersion = 16.0.29709.97
MinimumVisualStudioVersion = 10.0.40219.1
Project("{FAE04EC0-301F-11D3-BF4B-00C04F79EFBC}") = "StreamReader_StreamWriter_App", "StreamReader_StreamWriter_App\StreamReader_StreamWriter_App.csproj", "{1747E641-96B7-40B2-88CC-A896879B788E}"
EndProject
Global
	GlobalSection(SolutionConfigurationPlatforms) = preSolution
		Debug|Any CPU = Debug|Any CPU
		Release|Any CPU = Release|Any CPU
	EndGlobalSection
	GlobalSection(ProjectConfigurationPlatforms) = postSolution
		{1747E641-96B7-40B2-88CC-A896879B788E}.Debug|Any CPU.ActiveCfg = Debug|Any CPU
		{1747E641-96B7-40B2-88CC-A896879B788E}.Debug|Any CPU.Build.0 = Debug|Any CPU
		{1747E641-96B7-40B2-88CC-A896879B788E}.Release|Any CPU.ActiveCfg = Release|Any CPU
		{1747E641-96B7-40B2-88CC-A896879B788E}.Release|Any CPU.Build.0 = Release|Any CPU
	EndGlobalSection
	GlobalSection(SolutionProperties) = preSolution
		HideSolutionNode = FALSE
	EndGlobalSection
	GlobalSection(ExtensibilityGlobals) = postSolution
		SolutionGuid = {EB2222C3-0DC8-4DCA-8DFF-EBBC13EE1CA4}
	EndGlobalSection
EndGlobal
